
Microsoft Visual Studio Solution File, Format Version 12.00
# Visual Studio Version 16
VisualStudioVersion = 16.0.29123.88
MinimumVisualStudioVersion = 10.0.40219.1
Project("{FAE04EC0-301F-11D3-BF4B-00C04F79EFBC}") = "Week2Capstone", "Week2Capstone\Week2Capstone.csproj", "{A017F64E-31AA-493D-869A-1BBD36B2B8EF}"
EndProject
Global
	GlobalSection(SolutionConfigurationPlatforms) = preSolution
		Debug|Any CPU = Debug|Any CPU
		Release|Any CPU = Release|Any CPU
	EndGlobalSection
	GlobalSection(ProjectConfigurationPlatforms) = postSolution
		{A017F64E-31AA-493D-869A-1BBD36B2B8EF}.Debug|Any CPU.ActiveCfg = Debug|Any CPU
		{A017F64E-31AA-493D-869A-1BBD36B2B8EF}.Debug|Any CPU.Build.0 = Debug|Any CPU
		{A017F64E-31AA-493D-869A-1BBD36B2B8EF}.Release|Any CPU.ActiveCfg = Release|Any CPU
		{A017F64E-31AA-493D-869A-1BBD36B2B8EF}.Release|Any CPU.Build.0 = Release|Any CPU
	EndGlobalSection
	GlobalSection(SolutionProperties) = preSolution
		HideSolutionNode = FALSE
	EndGlobalSection
	GlobalSection(ExtensibilityGlobals) = postSolution
		SolutionGuid = {BF35ED0B-C972-4972-B37B-41F9119FE970}
	EndGlobalSection
EndGlobal
